// !$*UTF8*$!
{
	archiveVersion = 1;
	classes = {
	};
	objectVersion = 48;
	objects = {

/* Begin PBXBuildFile section */
		5ADD0FDD1FDB9A1500704540 /* AppDelegate.m in Sources */ = {isa = PBXBuildFile; fileRef = 5ADD0FDC1FDB9A1500704540 /* AppDelegate.m */; };
		5ADD0FE01FDB9A1500704540 /* ViewController.m in Sources */ = {isa = PBXBuildFile; fileRef = 5ADD0FDF1FDB9A1500704540 /* ViewController.m */; };
		5ADD0FE31FDB9A1500704540 /* Main.storyboard in Resources */ = {isa = PBXBuildFile; fileRef = 5ADD0FE11FDB9A1500704540 /* Main.storyboard */; };
		5ADD0FE61FDB9A1600704540 /* textgame.xcdatamodeld in Sources */ = {isa = PBXBuildFile; fileRef = 5ADD0FE41FDB9A1600704540 /* textgame.xcdatamodeld */; };
		5ADD0FE81FDB9A1600704540 /* Assets.xcassets in Resources */ = {isa = PBXBuildFile; fileRef = 5ADD0FE71FDB9A1600704540 /* Assets.xcassets */; };
		5ADD0FEB1FDB9A1600704540 /* LaunchScreen.storyboard in Resources */ = {isa = PBXBuildFile; fileRef = 5ADD0FE91FDB9A1600704540 /* LaunchScreen.storyboard */; };
		5ADD0FEE1FDB9A1600704540 /* main.m in Sources */ = {isa = PBXBuildFile; fileRef = 5ADD0FED1FDB9A1600704540 /* main.m */; };
		5ADD0FF81FDB9A1600704540 /* textgameTests.m in Sources */ = {isa = PBXBuildFile; fileRef = 5ADD0FF71FDB9A1600704540 /* textgameTests.m */; };
		5ADD10031FDB9A1600704540 /* textgameUITests.m in Sources */ = {isa = PBXBuildFile; fileRef = 5ADD10021FDB9A1600704540 /* textgameUITests.m */; };
/* End PBXBuildFile section */

/* Begin PBXContainerItemProxy section */
		5ADD0FF41FDB9A1600704540 /* PBXContainerItemProxy */ = {
			isa = PBXContainerItemProxy;
			containerPortal = 5ADD0FD01FDB9A1400704540 /* Project object */;
			proxyType = 1;
			remoteGlobalIDString = 5ADD0FD71FDB9A1500704540;
			remoteInfo = textgame;
		};
		5ADD0FFF1FDB9A1600704540 /* PBXContainerItemProxy */ = {
			isa = PBXContainerItemProxy;
			containerPortal = 5ADD0FD01FDB9A1400704540 /* Project object */;
			proxyType = 1;
			remoteGlobalIDString = 5ADD0FD71FDB9A1500704540;
			remoteInfo = textgame;
		};
/* End PBXContainerItemProxy section */

/* Begin PBXFileReference section */
		5ADD0FD81FDB9A1500704540 /* textgame.app */ = {isa = PBXFileReference; explicitFileType = wrapper.application; includeInIndex = 0; path = textgame.app; sourceTree = BUILT_PRODUCTS_DIR; };
		5ADD0FDB1FDB9A1500704540 /* AppDelegate.h */ = {isa = PBXFileReference; lastKnownFileType = sourcecode.c.h; path = AppDelegate.h; sourceTree = "<group>"; };
		5ADD0FDC1FDB9A1500704540 /* AppDelegate.m */ = {isa = PBXFileReference; lastKnownFileType = sourcecode.c.objc; path = AppDelegate.m; sourceTree = "<group>"; };
		5ADD0FDE1FDB9A1500704540 /* ViewController.h */ = {isa = PBXFileReference; lastKnownFileType = sourcecode.c.h; path = ViewController.h; sourceTree = "<group>"; };
		5ADD0FDF1FDB9A1500704540 /* ViewController.m */ = {isa = PBXFileReference; lastKnownFileType = sourcecode.c.objc; path = ViewController.m; sourceTree = "<group>"; };
		5ADD0FE21FDB9A1500704540 /* Base */ = {isa = PBXFileReference; lastKnownFileType = file.storyboard; name = Base; path = Base.lproj/Main.storyboard; sourceTree = "<group>"; };
		5ADD0FE51FDB9A1600704540 /* textgame.xcdatamodel */ = {isa = PBXFileReference; lastKnownFileType = wrapper.xcdatamodel; path = textgame.xcdatamodel; sourceTree = "<group>"; };
		5ADD0FE71FDB9A1600704540 /* Assets.xcassets */ = {isa = PBXFileReference; lastKnownFileType = folder.assetcatalog; path = Assets.xcassets; sourceTree = "<group>"; };
		5ADD0FEA1FDB9A1600704540 /* Base */ = {isa = PBXFileReference; lastKnownFileType = file.storyboard; name = Base; path = Base.lproj/LaunchScreen.storyboard; sourceTree = "<group>"; };
		5ADD0FEC1FDB9A1600704540 /* Info.plist */ = {isa = PBXFileReference; lastKnownFileType = text.plist.xml; path = Info.plist; sourceTree = "<group>"; };
		5ADD0FED1FDB9A1600704540 /* main.m */ = {isa = PBXFileReference; lastKnownFileType = sourcecode.c.objc; path = main.m; sourceTree = "<group>"; };
		5ADD0FF31FDB9A1600704540 /* textgameTests.xctest */ = {isa = PBXFileReference; explicitFileType = wrapper.cfbundle; includeInIndex = 0; path = textgameTests.xctest; sourceTree = BUILT_PRODUCTS_DIR; };
		5ADD0FF71FDB9A1600704540 /* textgameTests.m */ = {isa = PBXFileReference; lastKnownFileType = sourcecode.c.objc; path = textgameTests.m; sourceTree = "<group>"; };
		5ADD0FF91FDB9A1600704540 /* Info.plist */ = {isa = PBXFileReference; lastKnownFileType = text.plist.xml; path = Info.plist; sourceTree = "<group>"; };
		5ADD0FFE1FDB9A1600704540 /* textgameUITests.xctest */ = {isa = PBXFileReference; explicitFileType = wrapper.cfbundle; includeInIndex = 0; path = textgameUITests.xctest; sourceTree = BUILT_PRODUCTS_DIR; };
		5ADD10021FDB9A1600704540 /* textgameUITests.m */ = {isa = PBXFileReference; lastKnownFileType = sourcecode.c.objc; path = textgameUITests.m; sourceTree = "<group>"; };
		5ADD10041FDB9A1600704540 /* Info.plist */ = {isa = PBXFileReference; lastKnownFileType = text.plist.xml; path = Info.plist; sourceTree = "<group>"; };
/* End PBXFileReference section */

/* Begin PBXFrameworksBuildPhase section */
		5ADD0FD51FDB9A1500704540 /* Frameworks */ = {
			isa = PBXFrameworksBuildPhase;
			buildActionMask = 2147483647;
			files = (
			);
			runOnlyForDeploymentPostprocessing = 0;
		};
		5ADD0FF01FDB9A1600704540 /* Frameworks */ = {
			isa = PBXFrameworksBuildPhase;
			buildActionMask = 2147483647;
			files = (
			);
			runOnlyForDeploymentPostprocessing = 0;
		};
		5ADD0FFB1FDB9A1600704540 /* Frameworks */ = {
			isa = PBXFrameworksBuildPhase;
			buildActionMask = 2147483647;
			files = (
			);
			runOnlyForDeploymentPostprocessing = 0;
		};
/* End PBXFrameworksBuildPhase section */

/* Begin PBXGroup section */
		5ADD0FCF1FDB9A1400704540 = {
			isa = PBXGroup;
			children = (
				5ADD0FDA1FDB9A1500704540 /* textgame */,
				5ADD0FF61FDB9A1600704540 /* textgameTests */,
				5ADD10011FDB9A1600704540 /* textgameUITests */,
				5ADD0FD91FDB9A1500704540 /* Products */,
			);
			sourceTree = "<group>";
		};
		5ADD0FD91FDB9A1500704540 /* Products */ = {
			isa = PBXGroup;
			children = (
				5ADD0FD81FDB9A1500704540 /* textgame.app */,
				5ADD0FF31FDB9A1600704540 /* textgameTests.xctest */,
				5ADD0FFE1FDB9A1600704540 /* textgameUITests.xctest */,
			);
			name = Products;
			sourceTree = "<group>";
		};
		5ADD0FDA1FDB9A1500704540 /* textgame */ = {
			isa = PBXGroup;
			children = (
				5ADD0FDB1FDB9A1500704540 /* AppDelegate.h */,
				5ADD0FDC1FDB9A1500704540 /* AppDelegate.m */,
				5ADD0FDE1FDB9A1500704540 /* ViewController.h */,
				5ADD0FDF1FDB9A1500704540 /* ViewController.m */,
				5ADD0FE11FDB9A1500704540 /* Main.storyboard */,
				5ADD0FE71FDB9A1600704540 /* Assets.xcassets */,
				5ADD0FE91FDB9A1600704540 /* LaunchScreen.storyboard */,
				5ADD0FEC1FDB9A1600704540 /* Info.plist */,
				5ADD0FED1FDB9A1600704540 /* main.m */,
				5ADD0FE41FDB9A1600704540 /* textgame.xcdatamodeld */,
			);
			path = textgame;
			sourceTree = "<group>";
		};
		5ADD0FF61FDB9A1600704540 /* textgameTests */ = {
			isa = PBXGroup;
			children = (
				5ADD0FF71FDB9A1600704540 /* textgameTests.m */,
				5ADD0FF91FDB9A1600704540 /* Info.plist */,
			);
			path = textgameTests;
			sourceTree = "<group>";
		};
		5ADD10011FDB9A1600704540 /* textgameUITests */ = {
			isa = PBXGroup;
			children = (
				5ADD10021FDB9A1600704540 /* textgameUITests.m */,
				5ADD10041FDB9A1600704540 /* Info.plist */,
			);
			path = textgameUITests;
			sourceTree = "<group>";
		};
/* End PBXGroup section */

/* Begin PBXNativeTarget section */
		5ADD0FD71FDB9A1500704540 /* textgame */ = {
			isa = PBXNativeTarget;
			buildConfigurationList = 5ADD10071FDB9A1600704540 /* Build configuration list for PBXNativeTarget "textgame" */;
			buildPhases = (
				5ADD0FD41FDB9A1500704540 /* Sources */,
				5ADD0FD51FDB9A1500704540 /* Frameworks */,
				5ADD0FD61FDB9A1500704540 /* Resources */,
			);
			buildRules = (
			);
			dependencies = (
			);
			name = textgame;
			productName = textgame;
			productReference = 5ADD0FD81FDB9A1500704540 /* textgame.app */;
			productType = "com.apple.product-type.application";
		};
		5ADD0FF21FDB9A1600704540 /* textgameTests */ = {
			isa = PBXNativeTarget;
			buildConfigurationList = 5ADD100A1FDB9A1600704540 /* Build configuration list for PBXNativeTarget "textgameTests" */;
			buildPhases = (
				5ADD0FEF1FDB9A1600704540 /* Sources */,
				5ADD0FF01FDB9A1600704540 /* Frameworks */,
				5ADD0FF11FDB9A1600704540 /* Resources */,
			);
			buildRules = (
			);
			dependencies = (
				5ADD0FF51FDB9A1600704540 /* PBXTargetDependency */,
			);
			name = textgameTests;
			productName = textgameTests;
			productReference = 5ADD0FF31FDB9A1600704540 /* textgameTests.xctest */;
			productType = "com.apple.product-type.bundle.unit-test";
		};
		5ADD0FFD1FDB9A1600704540 /* textgameUITests */ = {
			isa = PBXNativeTarget;
			buildConfigurationList = 5ADD100D1FDB9A1600704540 /* Build configuration list for PBXNativeTarget "textgameUITests" */;
			buildPhases = (
				5ADD0FFA1FDB9A1600704540 /* Sources */,
				5ADD0FFB1FDB9A1600704540 /* Frameworks */,
				5ADD0FFC1FDB9A1600704540 /* Resources */,
			);
			buildRules = (
			);
			dependencies = (
				5ADD10001FDB9A1600704540 /* PBXTargetDependency */,
			);
			name = textgameUITests;
			productName = textgameUITests;
			productReference = 5ADD0FFE1FDB9A1600704540 /* textgameUITests.xctest */;
			productType = "com.apple.product-type.bundle.ui-testing";
		};
/* End PBXNativeTarget section */

/* Begin PBXProject section */
		5ADD0FD01FDB9A1400704540 /* Project object */ = {
			isa = PBXProject;
			attributes = {
				LastUpgradeCheck = 0910;
				ORGANIZATIONNAME = "Nick Culbertson";
				TargetAttributes = {
					5ADD0FD71FDB9A1500704540 = {
						CreatedOnToolsVersion = 9.1;
						ProvisioningStyle = Automatic;
					};
					5ADD0FF21FDB9A1600704540 = {
						CreatedOnToolsVersion = 9.1;
						ProvisioningStyle = Automatic;
						TestTargetID = 5ADD0FD71FDB9A1500704540;
					};
					5ADD0FFD1FDB9A1600704540 = {
						CreatedOnToolsVersion = 9.1;
						ProvisioningStyle = Automatic;
						TestTargetID = 5ADD0FD71FDB9A1500704540;
					};
				};
			};
			buildConfigurationList = 5ADD0FD31FDB9A1400704540 /* Build configuration list for PBXProject "textgame" */;
			compatibilityVersion = "Xcode 8.0";
			developmentRegion = en;
			hasScannedForEncodings = 0;
			knownRegions = (
				en,
				Base,
			);
			mainGroup = 5ADD0FCF1FDB9A1400704540;
			productRefGroup = 5ADD0FD91FDB9A1500704540 /* Products */;
			projectDirPath = "";
			projectRoot = "";
			targets = (
				5ADD0FD71FDB9A1500704540 /* textgame */,
				5ADD0FF21FDB9A1600704540 /* textgameTests */,
				5ADD0FFD1FDB9A1600704540 /* textgameUITests */,
			);
		};
/* End PBXProject section */

/* Begin PBXResourcesBuildPhase section */
		5ADD0FD61FDB9A1500704540 /* Resources */ = {
			isa = PBXResourcesBuildPhase;
			buildActionMask = 2147483647;
			files = (
				5ADD0FEB1FDB9A1600704540 /* LaunchScreen.storyboard in Resources */,
				5ADD0FE81FDB9A1600704540 /* Assets.xcassets in Resources */,
				5ADD0FE31FDB9A1500704540 /* Main.storyboard in Resources */,
			);
			runOnlyForDeploymentPostprocessing = 0;
		};
		5ADD0FF11FDB9A1600704540 /* Resources */ = {
			isa = PBXResourcesBuildPhase;
			buildActionMask = 2147483647;
			files = (
			);
			runOnlyForDeploymentPostprocessing = 0;
		};
		5ADD0FFC1FDB9A1600704540 /* Resources */ = {
			isa = PBXResourcesBuildPhase;
			buildActionMask = 2147483647;
			files = (
			);
			runOnlyForDeploymentPostprocessing = 0;
		};
/* End PBXResourcesBuildPhase section */

/* Begin PBXSourcesBuildPhase section */
		5ADD0FD41FDB9A1500704540 /* Sources */ = {
			isa = PBXSourcesBuildPhase;
			buildActionMask = 2147483647;
			files = (
				5ADD0FE61FDB9A1600704540 /* textgame.xcdatamodeld in Sources */,
				5ADD0FE01FDB9A1500704540 /* ViewController.m in Sources */,
				5ADD0FEE1FDB9A1600704540 /* main.m in Sources */,
				5ADD0FDD1FDB9A1500704540 /* AppDelegate.m in Sources */,
			);
			runOnlyForDeploymentPostprocessing = 0;
		};
		5ADD0FEF1FDB9A1600704540 /* Sources */ = {
			isa = PBXSourcesBuildPhase;
			buildActionMask = 2147483647;
			files = (
				5ADD0FF81FDB9A1600704540 /* textgameTests.m in Sources */,
			);
			runOnlyForDeploymentPostprocessing = 0;
		};
		5ADD0FFA1FDB9A1600704540 /* Sources */ = {
			isa = PBXSourcesBuildPhase;
			buildActionMask = 2147483647;
			files = (
				5ADD10031FDB9A1600704540 /* textgameUITests.m in Sources */,
			);
			runOnlyForDeploymentPostprocessing = 0;
		};
/* End PBXSourcesBuildPhase section */

/* Begin PBXTargetDependency section */
		5ADD0FF51FDB9A1600704540 /* PBXTargetDependency */ = {
			isa = PBXTargetDependency;
			target = 5ADD0FD71FDB9A1500704540 /* textgame */;
			targetProxy = 5ADD0FF41FDB9A1600704540 /* PBXContainerItemProxy */;
		};
		5ADD10001FDB9A1600704540 /* PBXTargetDependency */ = {
			isa = PBXTargetDependency;
			target = 5ADD0FD71FDB9A1500704540 /* textgame */;
			targetProxy = 5ADD0FFF1FDB9A1600704540 /* PBXContainerItemProxy */;
		};
/* End PBXTargetDependency section */

/* Begin PBXVariantGroup section */
		5ADD0FE11FDB9A1500704540 /* Main.storyboard */ = {
			isa = PBXVariantGroup;
			children = (
				5ADD0FE21FDB9A1500704540 /* Base */,
			);
			name = Main.storyboard;
			sourceTree = "<group>";
		};
		5ADD0FE91FDB9A1600704540 /* LaunchScreen.storyboard */ = {
			isa = PBXVariantGroup;
			children = (
				5ADD0FEA1FDB9A1600704540 /* Base */,
			);
			name = LaunchScreen.storyboard;
			sourceTree = "<group>";
		};
/* End PBXVariantGroup section */

/* Begin XCBuildConfiguration section */
		5ADD10051FDB9A1600704540 /* Debug */ = {
			isa = XCBuildConfiguration;
			buildSettings = {
				ALWAYS_SEARCH_USER_PATHS = NO;
				CLANG_ANALYZER_NONNULL = YES;
				CLANG_ANALYZER_NUMBER_OBJECT_CONVERSION = YES_AGGRESSIVE;
				CLANG_CXX_LANGUAGE_STANDARD = "gnu++14";
				CLANG_CXX_LIBRARY = "libc++";
				CLANG_ENABLE_MODULES = YES;
				CLANG_ENABLE_OBJC_ARC = YES;
				CLANG_WARN_BLOCK_CAPTURE_AUTORELEASING = YES;
				CLANG_WARN_BOOL_CONVERSION = YES;
				CLANG_WARN_COMMA = YES;
				CLANG_WARN_CONSTANT_CONVERSION = YES;
				CLANG_WARN_DIRECT_OBJC_ISA_USAGE = YES_ERROR;
				CLANG_WARN_DOCUMENTATION_COMMENTS = YES;
				CLANG_WARN_EMPTY_BODY = YES;
				CLANG_WARN_ENUM_CONVERSION = YES;
				CLANG_WARN_INFINITE_RECURSION = YES;
				CLANG_WARN_INT_CONVERSION = YES;
				CLANG_WARN_NON_LITERAL_NULL_CONVERSION = YES;
				CLANG_WARN_OBJC_LITERAL_CONVERSION = YES;
				CLANG_WARN_OBJC_ROOT_CLASS = YES_ERROR;
				CLANG_WARN_RANGE_LOOP_ANALYSIS = YES;
				CLANG_WARN_STRICT_PROTOTYPES = YES;
				CLANG_WARN_SUSPICIOUS_MOVE = YES;
				CLANG_WARN_UNGUARDED_AVAILABILITY = YES_AGGRESSIVE;
				CLANG_WARN_UNREACHABLE_CODE = YES;
				CLANG_WARN__DUPLICATE_METHOD_MATCH = YES;
				CODE_SIGN_IDENTITY = "iPhone Developer";
				COPY_PHASE_STRIP = NO;
				DEBUG_INFORMATION_FORMAT = dwarf;
				ENABLE_STRICT_OBJC_MSGSEND = YES;
				ENABLE_TESTABILITY = YES;
				GCC_C_LANGUAGE_STANDARD = gnu11;
				GCC_DYNAMIC_NO_PIC = NO;
				GCC_NO_COMMON_BLOCKS = YES;
				GCC_OPTIMIZATION_LEVEL = 0;
				GCC_PREPROCESSOR_DEFINITIONS = (
					"DEBUG=1",
					"$(inherited)",
				);
				GCC_WARN_64_TO_32_BIT_CONVERSION = YES;
				GCC_WARN_ABOUT_RETURN_TYPE = YES_ERROR;
				GCC_WARN_UNDECLARED_SELECTOR = YES;
				GCC_WARN_UNINITIALIZED_AUTOS = YES_AGGRESSIVE;
				GCC_WARN_UNUSED_FUNCTION = YES;
				GCC_WARN_UNUSED_VARIABLE = YES;
				IPHONEOS_DEPLOYMENT_TARGET = 11.1;
				MTL_ENABLE_DEBUG_INFO = YES;
				ONLY_ACTIVE_ARCH = YES;
				SDKROOT = iphoneos;
			};
			name = Debug;
		};
		5ADD10061FDB9A1600704540 /* Release */ = {
			isa = XCBuildConfiguration;
			buildSettings = {
				ALWAYS_SEARCH_USER_PATHS = NO;
				CLANG_ANALYZER_NONNULL = YES;
				CLANG_ANALYZER_NUMBER_OBJECT_CONVERSION = YES_AGGRESSIVE;
				CLANG_CXX_LANGUAGE_STANDARD = "gnu++14";
				CLANG_CXX_LIBRARY = "libc++";
				CLANG_ENABLE_MODULES = YES;
				CLANG_ENABLE_OBJC_ARC = YES;
				CLANG_WARN_BLOCK_CAPTURE_AUTORELEASING = YES;
				CLANG_WARN_BOOL_CONVERSION = YES;
				CLANG_WARN_COMMA = YES;
				CLANG_WARN_CONSTANT_CONVERSION = YES;
				CLANG_WARN_DIRECT_OBJC_ISA_USAGE = YES_ERROR;
				CLANG_WARN_DOCUMENTATION_COMMENTS = YES;
				CLANG_WARN_EMPTY_BODY = YES;
				CLANG_WARN_ENUM_CONVERSION = YES;
				CLANG_WARN_INFINITE_RECURSION = YES;
				CLANG_WARN_INT_CONVERSION = YES;
				CLANG_WARN_NON_LITERAL_NULL_CONVERSION = YES;
				CLANG_WARN_OBJC_LITERAL_CONVERSION = YES;
				CLANG_WARN_OBJC_ROOT_CLASS = YES_ERROR;
				CLANG_WARN_RANGE_LOOP_ANALYSIS = YES;
				CLANG_WARN_STRICT_PROTOTYPES = YES;
				CLANG_WARN_SUSPICIOUS_MOVE = YES;
				CLANG_WARN_UNGUARDED_AVAILABILITY = YES_AGGRESSIVE;
				CLANG_WARN_UNREACHABLE_CODE = YES;
				CLANG_WARN__DUPLICATE_METHOD_MATCH = YES;
				CODE_SIGN_IDENTITY = "iPhone Developer";
				COPY_PHASE_STRIP = NO;
				DEBUG_INFORMATION_FORMAT = "dwarf-with-dsym";
				ENABLE_NS_ASSERTIONS = NO;
				ENABLE_STRICT_OBJC_MSGSEND = YES;
				GCC_C_LANGUAGE_STANDARD = gnu11;
				GCC_NO_COMMON_BLOCKS = YES;
				GCC_WARN_64_TO_32_BIT_CONVERSION = YES;
				GCC_WARN_ABOUT_RETURN_TYPE = YES_ERROR;
				GCC_WARN_UNDECLARED_SELECTOR = YES;
				GCC_WARN_UNINITIALIZED_AUTOS = YES_AGGRESSIVE;
				GCC_WARN_UNUSED_FUNCTION = YES;
				GCC_WARN_UNUSED_VARIABLE = YES;
				IPHONEOS_DEPLOYMENT_TARGET = 11.1;
				MTL_ENABLE_DEBUG_INFO = NO;
				SDKROOT = iphoneos;
				VALIDATE_PRODUCT = YES;
			};
			name = Release;
		};
		5ADD10081FDB9A1600704540 /* Debug */ = {
			isa = XCBuildConfiguration;
			buildSettings = {
				ASSETCATALOG_COMPILER_APPICON_NAME = AppIcon;
				CODE_SIGN_STYLE = Automatic;
				DEVELOPMENT_TEAM = HH48VMRLAB;
				INFOPLIST_FILE = textgame/Info.plist;
				LD_RUNPATH_SEARCH_PATHS = "$(inherited) @executable_path/Frameworks";
				PRODUCT_BUNDLE_IDENTIFIER = com.MadCalfApps.textgame;
				PRODUCT_NAME = "$(TARGET_NAME)";
				TARGETED_DEVICE_FAMILY = "1,2";
			};
			name = Debug;
		};
		5ADD10091FDB9A1600704540 /* Release */ = {
			isa = XCBuildConfiguration;
			buildSettings = {
				ASSETCATALOG_COMPILER_APPICON_NAME = AppIcon;
				CODE_SIGN_STYLE = Automatic;
				DEVELOPMENT_TEAM = HH48VMRLAB;
				INFOPLIST_FILE = textgame/Info.plist;
				LD_RUNPATH_SEARCH_PATHS = "$(inherited) @executable_path/Frameworks";
				PRODUCT_BUNDLE_IDENTIFIER = com.MadCalfApps.textgame;
				PRODUCT_NAME = "$(TARGET_NAME)";
				TARGETED_DEVICE_FAMILY = "1,2";
			};
			name = Release;
		};
		5ADD100B1FDB9A1600704540 /* Debug */ = {
			isa = XCBuildConfiguration;
			buildSettings = {
				BUNDLE_LOADER = "$(TEST_HOST)";
				CODE_SIGN_STYLE = Automatic;
				DEVELOPMENT_TEAM = HH48VMRLAB;
				INFOPLIST_FILE = textgameTests/Info.plist;
				LD_RUNPATH_SEARCH_PATHS = "$(inherited) @executable_path/Frameworks @loader_path/Frameworks";
				PRODUCT_BUNDLE_IDENTIFIER = com.MadCalfApps.textgameTests;
				PRODUCT_NAME = "$(TARGET_NAME)";
				TARGETED_DEVICE_FAMILY = "1,2";
				TEST_HOST = "$(BUILT_PRODUCTS_DIR)/textgame.app/textgame";
			};
			name = Debug;
		};
		5ADD100C1FDB9A1600704540 /* Release */ = {
			isa = XCBuildConfiguration;
			buildSettings = {
				BUNDLE_LOADER = "$(TEST_HOST)";
				CODE_SIGN_STYLE = Automatic;
				DEVELOPMENT_TEAM = HH48VMRLAB;
				INFOPLIST_FILE = textgameTests/Info.plist;
				LD_RUNPATH_SEARCH_PATHS = "$(inherited) @executable_path/Frameworks @loader_path/Frameworks";
				PRODUCT_BUNDLE_IDENTIFIER = com.MadCalfApps.textgameTests;
				PRODUCT_NAME = "$(TARGET_NAME)";
				TARGETED_DEVICE_FAMILY = "1,2";
				TEST_HOST = "$(BUILT_PRODUCTS_DIR)/textgame.app/textgame";
			};
			name = Release;
		};
		5ADD100E1FDB9A1600704540 /* Debug */ = {
			isa = XCBuildConfiguration;
			buildSettings = {
				CODE_SIGN_STYLE = Automatic;
				DEVELOPMENT_TEAM = HH48VMRLAB;
				INFOPLIST_FILE = textgameUITests/Info.plist;
				LD_RUNPATH_SEARCH_PATHS = "$(inherited) @executable_path/Frameworks @loader_path/Frameworks";
				PRODUCT_BUNDLE_IDENTIFIER = com.MadCalfApps.textgameUITests;
				PRODUCT_NAME = "$(TARGET_NAME)";
				TARGETED_DEVICE_FAMILY = "1,2";
				TEST_TARGET_NAME = textgame;
			};
			name = Debug;
		};
		5ADD100F1FDB9A1600704540 /* Release */ = {
			isa = XCBuildConfiguration;
			buildSettings = {
				CODE_SIGN_STYLE = Automatic;
				DEVELOPMENT_TEAM = HH48VMRLAB;
				INFOPLIST_FILE = textgameUITests/Info.plist;
				LD_RUNPATH_SEARCH_PATHS = "$(inherited) @executable_path/Frameworks @loader_path/Frameworks";
				PRODUCT_BUNDLE_IDENTIFIER = com.MadCalfApps.textgameUITests;
				PRODUCT_NAME = "$(TARGET_NAME)";
				TARGETED_DEVICE_FAMILY = "1,2";
				TEST_TARGET_NAME = textgame;
			};
			name = Release;
		};
/* End XCBuildConfiguration section */

/* Begin XCConfigurationList section */
		5ADD0FD31FDB9A1400704540 /* Build configuration list for PBXProject "textgame" */ = {
			isa = XCConfigurationList;
			buildConfigurations = (
				5ADD10051FDB9A1600704540 /* Debug */,
				5ADD10061FDB9A1600704540 /* Release */,
			);
			defaultConfigurationIsVisible = 0;
			defaultConfigurationName = Release;
		};
		5ADD10071FDB9A1600704540 /* Build configuration list for PBXNativeTarget "textgame" */ = {
			isa = XCConfigurationList;
			buildConfigurations = (
				5ADD10081FDB9A1600704540 /* Debug */,
				5ADD10091FDB9A1600704540 /* Release */,
			);
			defaultConfigurationIsVisible = 0;
			defaultConfigurationName = Release;
		};
		5ADD100A1FDB9A1600704540 /* Build configuration list for PBXNativeTarget "textgameTests" */ = {
			isa = XCConfigurationList;
			buildConfigurations = (
				5ADD100B1FDB9A1600704540 /* Debug */,
				5ADD100C1FDB9A1600704540 /* Release */,
			);
			defaultConfigurationIsVisible = 0;
			defaultConfigurationName = Release;
		};
		5ADD100D1FDB9A1600704540 /* Build configuration list for PBXNativeTarget "textgameUITests" */ = {
			isa = XCConfigurationList;
			buildConfigurations = (
				5ADD100E1FDB9A1600704540 /* Debug */,
				5ADD100F1FDB9A1600704540 /* Release */,
			);
			defaultConfigurationIsVisible = 0;
			defaultConfigurationName = Release;
		};
/* End XCConfigurationList section */

/* Begin XCVersionGroup section */
		5ADD0FE41FDB9A1600704540 /* textgame.xcdatamodeld */ = {
			isa = XCVersionGroup;
			children = (
				5ADD0FE51FDB9A1600704540 /* textgame.xcdatamodel */,
			);
			currentVersion = 5ADD0FE51FDB9A1600704540 /* textgame.xcdatamodel */;
			path = textgame.xcdatamodeld;
			sourceTree = "<group>";
			versionGroupType = wrapper.xcdatamodel;
		};
/* End XCVersionGroup section */
	};
	rootObject = 5ADD0FD01FDB9A1400704540 /* Project object */;
}
